
Microsoft Visual Studio Solution File, Format Version 12.00
# Visual Studio Version 16
VisualStudioVersion = 16.0.29209.62
MinimumVisualStudioVersion = 10.0.40219.1
Project("{FAE04EC0-301F-11D3-BF4B-00C04F79EFBC}") = "program5", "program5\program5.csproj", "{B69B973A-4A5E-4B4A-A8A4-55B9762EB291}"
EndProject
Global
	GlobalSection(SolutionConfigurationPlatforms) = preSolution
		Debug|Any CPU = Debug|Any CPU
		Release|Any CPU = Release|Any CPU
	EndGlobalSection
	GlobalSection(ProjectConfigurationPlatforms) = postSolution
		{B69B973A-4A5E-4B4A-A8A4-55B9762EB291}.Debug|Any CPU.ActiveCfg = Debug|Any CPU
		{B69B973A-4A5E-4B4A-A8A4-55B9762EB291}.Debug|Any CPU.Build.0 = Debug|Any CPU
		{B69B973A-4A5E-4B4A-A8A4-55B9762EB291}.Release|Any CPU.ActiveCfg = Release|Any CPU
		{B69B973A-4A5E-4B4A-A8A4-55B9762EB291}.Release|Any CPU.Build.0 = Release|Any CPU
	EndGlobalSection
	GlobalSection(SolutionProperties) = preSolution
		HideSolutionNode = FALSE
	EndGlobalSection
	GlobalSection(ExtensibilityGlobals) = postSolution
		SolutionGuid = {20F62D0C-16DF-4949-B110-D666867723B6}
	EndGlobalSection
EndGlobal
